// !$*UTF8*$!
{
	archiveVersion = 1;
	classes = {
	};
	objectVersion = 51;
	objects = {

/* Begin PBXBuildFile section */
		5E93565E4D97817CC30F4D53 /* Pods_Reciplease.framework in Frameworks */ = {isa = PBXBuildFile; fileRef = 595A66BB88473FF13A78B2CE /* Pods_Reciplease.framework */; };
		758A8D153C67FA3538E751B9 /* Pods_RecipleaseTests.framework in Frameworks */ = {isa = PBXBuildFile; fileRef = 3A2731E468827E85762A6833 /* Pods_RecipleaseTests.framework */; };
		94517BD7251DE9B5008D663B /* Assets.xcassets in Resources */ = {isa = PBXBuildFile; fileRef = 94517BD6251DE9B5008D663B /* Assets.xcassets */; };
		94535592252CA27000B86ACF /* CoreDataStack.swift in Sources */ = {isa = PBXBuildFile; fileRef = 94535591252CA27000B86ACF /* CoreDataStack.swift */; };
		94535596252CA38D00B86ACF /* CoreDataManager.swift in Sources */ = {isa = PBXBuildFile; fileRef = 94535595252CA38D00B86ACF /* CoreDataManager.swift */; };
		9453559E2530536B00B86ACF /* FavoriteRecipesController.swift in Sources */ = {isa = PBXBuildFile; fileRef = 9453559D2530536B00B86ACF /* FavoriteRecipesController.swift */; };
		946972AA250008A00081598B /* RecipeController.swift in Sources */ = {isa = PBXBuildFile; fileRef = 946972A9250008A00081598B /* RecipeController.swift */; };
		946972AD2504E6BD0081598B /* Alert.swift in Sources */ = {isa = PBXBuildFile; fileRef = 946972AC2504E6BD0081598B /* Alert.swift */; };
		947D190F250F560600CD5F2E /* String.swift in Sources */ = {isa = PBXBuildFile; fileRef = 947D190E250F560600CD5F2E /* String.swift */; };
		94EDBE6F24F6B00D00BB1F64 /* AppDelegate.swift in Sources */ = {isa = PBXBuildFile; fileRef = 94EDBE6E24F6B00D00BB1F64 /* AppDelegate.swift */; };
		94EDBE7124F6B00D00BB1F64 /* SceneDelegate.swift in Sources */ = {isa = PBXBuildFile; fileRef = 94EDBE7024F6B00D00BB1F64 /* SceneDelegate.swift */; };
		94EDBE7324F6B00D00BB1F64 /* HomeViewController.swift in Sources */ = {isa = PBXBuildFile; fileRef = 94EDBE7224F6B00D00BB1F64 /* HomeViewController.swift */; };
		94EDBE7624F6B00D00BB1F64 /* Main.storyboard in Resources */ = {isa = PBXBuildFile; fileRef = 94EDBE7424F6B00D00BB1F64 /* Main.storyboard */; };
		94EDBE7924F6B00D00BB1F64 /* Reciplease.xcdatamodeld in Sources */ = {isa = PBXBuildFile; fileRef = 94EDBE7724F6B00D00BB1F64 /* Reciplease.xcdatamodeld */; };
		94EDBE7E24F6B00E00BB1F64 /* LaunchScreen.storyboard in Resources */ = {isa = PBXBuildFile; fileRef = 94EDBE7C24F6B00E00BB1F64 /* LaunchScreen.storyboard */; };
		94EDBE8924F6B00E00BB1F64 /* RecipleaseTests.swift in Sources */ = {isa = PBXBuildFile; fileRef = 94EDBE8824F6B00E00BB1F64 /* RecipleaseTests.swift */; };
		94EDBE9C24F7ECB200BB1F64 /* ListRecipes.swift in Sources */ = {isa = PBXBuildFile; fileRef = 94EDBE9B24F7ECB200BB1F64 /* ListRecipes.swift */; };
		94EDBE9F24F9340300BB1F64 /* DataReciplease.swift in Sources */ = {isa = PBXBuildFile; fileRef = 94EDBE9E24F9340300BB1F64 /* DataReciplease.swift */; };
		94EDBEA024F9340300BB1F64 /* DataReciplease.swift in Sources */ = {isa = PBXBuildFile; fileRef = 94EDBE9E24F9340300BB1F64 /* DataReciplease.swift */; };
		94EDBEA224F9584B00BB1F64 /* RecipeService.swift in Sources */ = {isa = PBXBuildFile; fileRef = 94EDBEA124F9584B00BB1F64 /* RecipeService.swift */; };
		94EDBEA324F9584B00BB1F64 /* RecipeService.swift in Sources */ = {isa = PBXBuildFile; fileRef = 94EDBEA124F9584B00BB1F64 /* RecipeService.swift */; };
		94EDBEA624FD164500BB1F64 /* RecipeTableViewCell.swift in Sources */ = {isa = PBXBuildFile; fileRef = 94EDBEA424FD164500BB1F64 /* RecipeTableViewCell.swift */; };
		94EDBEA724FD164500BB1F64 /* RecipeTableViewCell.xib in Resources */ = {isa = PBXBuildFile; fileRef = 94EDBEA524FD164500BB1F64 /* RecipeTableViewCell.xib */; };
/* End PBXBuildFile section */

/* Begin PBXContainerItemProxy section */
		94EDBE8524F6B00E00BB1F64 /* PBXContainerItemProxy */ = {
			isa = PBXContainerItemProxy;
			containerPortal = 94EDBE6324F6B00D00BB1F64 /* Project object */;
			proxyType = 1;
			remoteGlobalIDString = 94EDBE6A24F6B00D00BB1F64;
			remoteInfo = Reciplease;
		};
/* End PBXContainerItemProxy section */

/* Begin PBXFileReference section */
		3A2731E468827E85762A6833 /* Pods_RecipleaseTests.framework */ = {isa = PBXFileReference; explicitFileType = wrapper.framework; includeInIndex = 0; path = Pods_RecipleaseTests.framework; sourceTree = BUILT_PRODUCTS_DIR; };
		3C67F5F8259925361EC7258E /* Pods-RecipleaseTests.debug.xcconfig */ = {isa = PBXFileReference; includeInIndex = 1; lastKnownFileType = text.xcconfig; name = "Pods-RecipleaseTests.debug.xcconfig"; path = "Target Support Files/Pods-RecipleaseTests/Pods-RecipleaseTests.debug.xcconfig"; sourceTree = "<group>"; };
		595A66BB88473FF13A78B2CE /* Pods_Reciplease.framework */ = {isa = PBXFileReference; explicitFileType = wrapper.framework; includeInIndex = 0; path = Pods_Reciplease.framework; sourceTree = BUILT_PRODUCTS_DIR; };
		5D182780871E40378E030D09 /* Pods-Reciplease.release.xcconfig */ = {isa = PBXFileReference; includeInIndex = 1; lastKnownFileType = text.xcconfig; name = "Pods-Reciplease.release.xcconfig"; path = "Target Support Files/Pods-Reciplease/Pods-Reciplease.release.xcconfig"; sourceTree = "<group>"; };
		7A02721A94EBA41053EDF58E /* Pods-Reciplease.debug.xcconfig */ = {isa = PBXFileReference; includeInIndex = 1; lastKnownFileType = text.xcconfig; name = "Pods-Reciplease.debug.xcconfig"; path = "Target Support Files/Pods-Reciplease/Pods-Reciplease.debug.xcconfig"; sourceTree = "<group>"; };
		94517BD6251DE9B5008D663B /* Assets.xcassets */ = {isa = PBXFileReference; lastKnownFileType = folder.assetcatalog; name = Assets.xcassets; path = ../../../../Downloads/AppIcons/Assets.xcassets; sourceTree = "<group>"; };
		94535591252CA27000B86ACF /* CoreDataStack.swift */ = {isa = PBXFileReference; lastKnownFileType = sourcecode.swift; path = CoreDataStack.swift; sourceTree = "<group>"; };
		94535595252CA38D00B86ACF /* CoreDataManager.swift */ = {isa = PBXFileReference; lastKnownFileType = sourcecode.swift; path = CoreDataManager.swift; sourceTree = "<group>"; };
		9453559D2530536B00B86ACF /* FavoriteRecipesController.swift */ = {isa = PBXFileReference; lastKnownFileType = sourcecode.swift; path = FavoriteRecipesController.swift; sourceTree = "<group>"; };
		946972A9250008A00081598B /* RecipeController.swift */ = {isa = PBXFileReference; lastKnownFileType = sourcecode.swift; path = RecipeController.swift; sourceTree = "<group>"; };
		946972AC2504E6BD0081598B /* Alert.swift */ = {isa = PBXFileReference; lastKnownFileType = sourcecode.swift; path = Alert.swift; sourceTree = "<group>"; };
		947D190E250F560600CD5F2E /* String.swift */ = {isa = PBXFileReference; lastKnownFileType = sourcecode.swift; path = String.swift; sourceTree = "<group>"; };
		94EDBE6B24F6B00D00BB1F64 /* Reciplease.app */ = {isa = PBXFileReference; explicitFileType = wrapper.application; includeInIndex = 0; path = Reciplease.app; sourceTree = BUILT_PRODUCTS_DIR; };
		94EDBE6E24F6B00D00BB1F64 /* AppDelegate.swift */ = {isa = PBXFileReference; lastKnownFileType = sourcecode.swift; path = AppDelegate.swift; sourceTree = "<group>"; };
		94EDBE7024F6B00D00BB1F64 /* SceneDelegate.swift */ = {isa = PBXFileReference; lastKnownFileType = sourcecode.swift; path = SceneDelegate.swift; sourceTree = "<group>"; };
		94EDBE7224F6B00D00BB1F64 /* HomeViewController.swift */ = {isa = PBXFileReference; lastKnownFileType = sourcecode.swift; path = HomeViewController.swift; sourceTree = "<group>"; };
		94EDBE7524F6B00D00BB1F64 /* Base */ = {isa = PBXFileReference; lastKnownFileType = file.storyboard; name = Base; path = Base.lproj/Main.storyboard; sourceTree = "<group>"; };
		94EDBE7824F6B00D00BB1F64 /* Reciplease.xcdatamodel */ = {isa = PBXFileReference; lastKnownFileType = wrapper.xcdatamodel; path = Reciplease.xcdatamodel; sourceTree = "<group>"; };
		94EDBE7D24F6B00E00BB1F64 /* Base */ = {isa = PBXFileReference; lastKnownFileType = file.storyboard; name = Base; path = Base.lproj/LaunchScreen.storyboard; sourceTree = "<group>"; };
		94EDBE7F24F6B00E00BB1F64 /* Info.plist */ = {isa = PBXFileReference; lastKnownFileType = text.plist.xml; path = Info.plist; sourceTree = "<group>"; };
		94EDBE8424F6B00E00BB1F64 /* RecipleaseTests.xctest */ = {isa = PBXFileReference; explicitFileType = wrapper.cfbundle; includeInIndex = 0; path = RecipleaseTests.xctest; sourceTree = BUILT_PRODUCTS_DIR; };
		94EDBE8824F6B00E00BB1F64 /* RecipleaseTests.swift */ = {isa = PBXFileReference; lastKnownFileType = sourcecode.swift; path = RecipleaseTests.swift; sourceTree = "<group>"; };
		94EDBE8A24F6B00E00BB1F64 /* Info.plist */ = {isa = PBXFileReference; lastKnownFileType = text.plist.xml; path = Info.plist; sourceTree = "<group>"; };
		94EDBE9B24F7ECB200BB1F64 /* ListRecipes.swift */ = {isa = PBXFileReference; lastKnownFileType = sourcecode.swift; path = ListRecipes.swift; sourceTree = "<group>"; };
		94EDBE9E24F9340300BB1F64 /* DataReciplease.swift */ = {isa = PBXFileReference; lastKnownFileType = sourcecode.swift; path = DataReciplease.swift; sourceTree = "<group>"; };
		94EDBEA124F9584B00BB1F64 /* RecipeService.swift */ = {isa = PBXFileReference; lastKnownFileType = sourcecode.swift; path = RecipeService.swift; sourceTree = "<group>"; };
		94EDBEA424FD164500BB1F64 /* RecipeTableViewCell.swift */ = {isa = PBXFileReference; lastKnownFileType = sourcecode.swift; path = RecipeTableViewCell.swift; sourceTree = "<group>"; };
		94EDBEA524FD164500BB1F64 /* RecipeTableViewCell.xib */ = {isa = PBXFileReference; lastKnownFileType = file.xib; path = RecipeTableViewCell.xib; sourceTree = "<group>"; };
		D656F5B5E1733D911DA0A3B1 /* Pods-RecipleaseTests.release.xcconfig */ = {isa = PBXFileReference; includeInIndex = 1; lastKnownFileType = text.xcconfig; name = "Pods-RecipleaseTests.release.xcconfig"; path = "Target Support Files/Pods-RecipleaseTests/Pods-RecipleaseTests.release.xcconfig"; sourceTree = "<group>"; };
/* End PBXFileReference section */

/* Begin PBXFrameworksBuildPhase section */
		94EDBE6824F6B00D00BB1F64 /* Frameworks */ = {
			isa = PBXFrameworksBuildPhase;
			buildActionMask = 2147483647;
			files = (
				5E93565E4D97817CC30F4D53 /* Pods_Reciplease.framework in Frameworks */,
			);
			runOnlyForDeploymentPostprocessing = 0;
		};
		94EDBE8124F6B00E00BB1F64 /* Frameworks */ = {
			isa = PBXFrameworksBuildPhase;
			buildActionMask = 2147483647;
			files = (
				758A8D153C67FA3538E751B9 /* Pods_RecipleaseTests.framework in Frameworks */,
			);
			runOnlyForDeploymentPostprocessing = 0;
		};
/* End PBXFrameworksBuildPhase section */

/* Begin PBXGroup section */
		7D216056DA0CC9DFEF6510E8 /* Frameworks */ = {
			isa = PBXGroup;
			children = (
				595A66BB88473FF13A78B2CE /* Pods_Reciplease.framework */,
				3A2731E468827E85762A6833 /* Pods_RecipleaseTests.framework */,
			);
			name = Frameworks;
			sourceTree = "<group>";
		};
		946972AB2504E6AC0081598B /* Extension */ = {
			isa = PBXGroup;
			children = (
				946972AC2504E6BD0081598B /* Alert.swift */,
				947D190E250F560600CD5F2E /* String.swift */,
			);
			path = Extension;
			sourceTree = "<group>";
		};
		94EDBE6224F6B00D00BB1F64 = {
			isa = PBXGroup;
			children = (
				94EDBE6D24F6B00D00BB1F64 /* Reciplease */,
				94EDBE8724F6B00E00BB1F64 /* RecipleaseTests */,
				94EDBE6C24F6B00D00BB1F64 /* Products */,
				9C34AAB07AE10CD31273A8DC /* Pods */,
				7D216056DA0CC9DFEF6510E8 /* Frameworks */,
			);
			sourceTree = "<group>";
		};
		94EDBE6C24F6B00D00BB1F64 /* Products */ = {
			isa = PBXGroup;
			children = (
				94EDBE6B24F6B00D00BB1F64 /* Reciplease.app */,
				94EDBE8424F6B00E00BB1F64 /* RecipleaseTests.xctest */,
			);
			name = Products;
			sourceTree = "<group>";
		};
		94EDBE6D24F6B00D00BB1F64 /* Reciplease */ = {
			isa = PBXGroup;
			children = (
				946972AB2504E6AC0081598B /* Extension */,
				94EDBE9D24F7FFDB00BB1F64 /* CoreData */,
				94EDBE9624F6B3C700BB1F64 /* Model */,
				94EDBE9524F6B3AB00BB1F64 /* Supported Files */,
				94EDBE9424F6B39000BB1F64 /* Controller */,
				94EDBE9324F6B37100BB1F64 /* View */,
			);
			path = Reciplease;
			sourceTree = "<group>";
		};
		94EDBE8724F6B00E00BB1F64 /* RecipleaseTests */ = {
			isa = PBXGroup;
			children = (
				94EDBE8824F6B00E00BB1F64 /* RecipleaseTests.swift */,
				94EDBE8A24F6B00E00BB1F64 /* Info.plist */,
			);
			path = RecipleaseTests;
			sourceTree = "<group>";
		};
		94EDBE9324F6B37100BB1F64 /* View */ = {
			isa = PBXGroup;
			children = (
				94EDBE7C24F6B00E00BB1F64 /* LaunchScreen.storyboard */,
				94EDBE7424F6B00D00BB1F64 /* Main.storyboard */,
				94EDBEA424FD164500BB1F64 /* RecipeTableViewCell.swift */,
				94EDBEA524FD164500BB1F64 /* RecipeTableViewCell.xib */,
			);
			path = View;
			sourceTree = "<group>";
		};
		94EDBE9424F6B39000BB1F64 /* Controller */ = {
			isa = PBXGroup;
			children = (
				94EDBE7224F6B00D00BB1F64 /* HomeViewController.swift */,
				94EDBE9B24F7ECB200BB1F64 /* ListRecipes.swift */,
				946972A9250008A00081598B /* RecipeController.swift */,
				9453559D2530536B00B86ACF /* FavoriteRecipesController.swift */,
			);
			path = Controller;
			sourceTree = "<group>";
		};
		94EDBE9524F6B3AB00BB1F64 /* Supported Files */ = {
			isa = PBXGroup;
			children = (
				94EDBE6E24F6B00D00BB1F64 /* AppDelegate.swift */,
				94EDBE7024F6B00D00BB1F64 /* SceneDelegate.swift */,
				94517BD6251DE9B5008D663B /* Assets.xcassets */,
				94EDBE7F24F6B00E00BB1F64 /* Info.plist */,
			);
			path = "Supported Files";
			sourceTree = "<group>";
		};
		94EDBE9624F6B3C700BB1F64 /* Model */ = {
			isa = PBXGroup;
			children = (
				94EDBE9E24F9340300BB1F64 /* DataReciplease.swift */,
				94EDBEA124F9584B00BB1F64 /* RecipeService.swift */,
			);
			path = Model;
			sourceTree = "<group>";
		};
		94EDBE9D24F7FFDB00BB1F64 /* CoreData */ = {
			isa = PBXGroup;
			children = (
				94EDBE7724F6B00D00BB1F64 /* Reciplease.xcdatamodeld */,
				94535591252CA27000B86ACF /* CoreDataStack.swift */,
				94535595252CA38D00B86ACF /* CoreDataManager.swift */,
			);
			path = CoreData;
			sourceTree = "<group>";
		};
		9C34AAB07AE10CD31273A8DC /* Pods */ = {
			isa = PBXGroup;
			children = (
				7A02721A94EBA41053EDF58E /* Pods-Reciplease.debug.xcconfig */,
				5D182780871E40378E030D09 /* Pods-Reciplease.release.xcconfig */,
				3C67F5F8259925361EC7258E /* Pods-RecipleaseTests.debug.xcconfig */,
				D656F5B5E1733D911DA0A3B1 /* Pods-RecipleaseTests.release.xcconfig */,
			);
			path = Pods;
			sourceTree = "<group>";
		};
/* End PBXGroup section */

/* Begin PBXNativeTarget section */
		94EDBE6A24F6B00D00BB1F64 /* Reciplease */ = {
			isa = PBXNativeTarget;
			buildConfigurationList = 94EDBE8D24F6B00E00BB1F64 /* Build configuration list for PBXNativeTarget "Reciplease" */;
			buildPhases = (
				EDA983720D90D38CFB1FE5C0 /* [CP] Check Pods Manifest.lock */,
				94EDBE6724F6B00D00BB1F64 /* Sources */,
				94EDBE6824F6B00D00BB1F64 /* Frameworks */,
				94EDBE6924F6B00D00BB1F64 /* Resources */,
				503C2438887E1FADB5722021 /* [CP] Embed Pods Frameworks */,
			);
			buildRules = (
			);
			dependencies = (
			);
			name = Reciplease;
			productName = Reciplease;
			productReference = 94EDBE6B24F6B00D00BB1F64 /* Reciplease.app */;
			productType = "com.apple.product-type.application";
		};
		94EDBE8324F6B00E00BB1F64 /* RecipleaseTests */ = {
			isa = PBXNativeTarget;
			buildConfigurationList = 94EDBE9024F6B00E00BB1F64 /* Build configuration list for PBXNativeTarget "RecipleaseTests" */;
			buildPhases = (
				6E03E5C2DB0D00115B356A71 /* [CP] Check Pods Manifest.lock */,
				94EDBE8024F6B00E00BB1F64 /* Sources */,
				94EDBE8124F6B00E00BB1F64 /* Frameworks */,
				94EDBE8224F6B00E00BB1F64 /* Resources */,
			);
			buildRules = (
			);
			dependencies = (
				94EDBE8624F6B00E00BB1F64 /* PBXTargetDependency */,
			);
			name = RecipleaseTests;
			productName = RecipleaseTests;
			productReference = 94EDBE8424F6B00E00BB1F64 /* RecipleaseTests.xctest */;
			productType = "com.apple.product-type.bundle.unit-test";
		};
/* End PBXNativeTarget section */

/* Begin PBXProject section */
		94EDBE6324F6B00D00BB1F64 /* Project object */ = {
			isa = PBXProject;
			attributes = {
				LastSwiftUpdateCheck = 1150;
				LastUpgradeCheck = 1200;
				ORGANIZATIONNAME = "Rodolphe Schnetzer";
				TargetAttributes = {
					94EDBE6A24F6B00D00BB1F64 = {
						CreatedOnToolsVersion = 11.5;
					};
					94EDBE8324F6B00E00BB1F64 = {
						CreatedOnToolsVersion = 11.5;
						TestTargetID = 94EDBE6A24F6B00D00BB1F64;
					};
				};
			};
			buildConfigurationList = 94EDBE6624F6B00D00BB1F64 /* Build configuration list for PBXProject "Reciplease" */;
			compatibilityVersion = "Xcode 9.3";
			developmentRegion = en;
			hasScannedForEncodings = 0;
			knownRegions = (
				en,
				Base,
			);
			mainGroup = 94EDBE6224F6B00D00BB1F64;
			productRefGroup = 94EDBE6C24F6B00D00BB1F64 /* Products */;
			projectDirPath = "";
			projectRoot = "";
			targets = (
				94EDBE6A24F6B00D00BB1F64 /* Reciplease */,
				94EDBE8324F6B00E00BB1F64 /* RecipleaseTests */,
			);
		};
/* End PBXProject section */

/* Begin PBXResourcesBuildPhase section */
		94EDBE6924F6B00D00BB1F64 /* Resources */ = {
			isa = PBXResourcesBuildPhase;
			buildActionMask = 2147483647;
			files = (
				94EDBE7E24F6B00E00BB1F64 /* LaunchScreen.storyboard in Resources */,
				94EDBE7624F6B00D00BB1F64 /* Main.storyboard in Resources */,
				94EDBEA724FD164500BB1F64 /* RecipeTableViewCell.xib in Resources */,
				94517BD7251DE9B5008D663B /* Assets.xcassets in Resources */,
			);
			runOnlyForDeploymentPostprocessing = 0;
		};
		94EDBE8224F6B00E00BB1F64 /* Resources */ = {
			isa = PBXResourcesBuildPhase;
			buildActionMask = 2147483647;
			files = (
			);
			runOnlyForDeploymentPostprocessing = 0;
		};
/* End PBXResourcesBuildPhase section */

/* Begin PBXShellScriptBuildPhase section */
		503C2438887E1FADB5722021 /* [CP] Embed Pods Frameworks */ = {
			isa = PBXShellScriptBuildPhase;
			buildActionMask = 2147483647;
			files = (
			);
			inputFileListPaths = (
				"${PODS_ROOT}/Target Support Files/Pods-Reciplease/Pods-Reciplease-frameworks-${CONFIGURATION}-input-files.xcfilelist",
			);
			name = "[CP] Embed Pods Frameworks";
			outputFileListPaths = (
				"${PODS_ROOT}/Target Support Files/Pods-Reciplease/Pods-Reciplease-frameworks-${CONFIGURATION}-output-files.xcfilelist",
			);
			runOnlyForDeploymentPostprocessing = 0;
			shellPath = /bin/sh;
			shellScript = "\"${PODS_ROOT}/Target Support Files/Pods-Reciplease/Pods-Reciplease-frameworks.sh\"\n";
			showEnvVarsInLog = 0;
		};
		6E03E5C2DB0D00115B356A71 /* [CP] Check Pods Manifest.lock */ = {
			isa = PBXShellScriptBuildPhase;
			buildActionMask = 2147483647;
			files = (
			);
			inputFileListPaths = (
			);
			inputPaths = (
				"${PODS_PODFILE_DIR_PATH}/Podfile.lock",
				"${PODS_ROOT}/Manifest.lock",
			);
			name = "[CP] Check Pods Manifest.lock";
			outputFileListPaths = (
			);
			outputPaths = (
				"$(DERIVED_FILE_DIR)/Pods-RecipleaseTests-checkManifestLockResult.txt",
			);
			runOnlyForDeploymentPostprocessing = 0;
			shellPath = /bin/sh;
			shellScript = "diff \"${PODS_PODFILE_DIR_PATH}/Podfile.lock\" \"${PODS_ROOT}/Manifest.lock\" > /dev/null\nif [ $? != 0 ] ; then\n    # print error to STDERR\n    echo \"error: The sandbox is not in sync with the Podfile.lock. Run 'pod install' or update your CocoaPods installation.\" >&2\n    exit 1\nfi\n# This output is used by Xcode 'outputs' to avoid re-running this script phase.\necho \"SUCCESS\" > \"${SCRIPT_OUTPUT_FILE_0}\"\n";
			showEnvVarsInLog = 0;
		};
		EDA983720D90D38CFB1FE5C0 /* [CP] Check Pods Manifest.lock */ = {
			isa = PBXShellScriptBuildPhase;
			buildActionMask = 2147483647;
			files = (
			);
			inputFileListPaths = (
			);
			inputPaths = (
				"${PODS_PODFILE_DIR_PATH}/Podfile.lock",
				"${PODS_ROOT}/Manifest.lock",
			);
			name = "[CP] Check Pods Manifest.lock";
			outputFileListPaths = (
			);
			outputPaths = (
				"$(DERIVED_FILE_DIR)/Pods-Reciplease-checkManifestLockResult.txt",
			);
			runOnlyForDeploymentPostprocessing = 0;
			shellPath = /bin/sh;
			shellScript = "diff \"${PODS_PODFILE_DIR_PATH}/Podfile.lock\" \"${PODS_ROOT}/Manifest.lock\" > /dev/null\nif [ $? != 0 ] ; then\n    # print error to STDERR\n    echo \"error: The sandbox is not in sync with the Podfile.lock. Run 'pod install' or update your CocoaPods installation.\" >&2\n    exit 1\nfi\n# This output is used by Xcode 'outputs' to avoid re-running this script phase.\necho \"SUCCESS\" > \"${SCRIPT_OUTPUT_FILE_0}\"\n";
			showEnvVarsInLog = 0;
		};
/* End PBXShellScriptBuildPhase section */

/* Begin PBXSourcesBuildPhase section */
		94EDBE6724F6B00D00BB1F64 /* Sources */ = {
			isa = PBXSourcesBuildPhase;
			buildActionMask = 2147483647;
			files = (
				94EDBE7924F6B00D00BB1F64 /* Reciplease.xcdatamodeld in Sources */,
				947D190F250F560600CD5F2E /* String.swift in Sources */,
				94EDBE9C24F7ECB200BB1F64 /* ListRecipes.swift in Sources */,
				94535592252CA27000B86ACF /* CoreDataStack.swift in Sources */,
				94EDBE9F24F9340300BB1F64 /* DataReciplease.swift in Sources */,
				94EDBE7324F6B00D00BB1F64 /* HomeViewController.swift in Sources */,
				94EDBE6F24F6B00D00BB1F64 /* AppDelegate.swift in Sources */,
				94535596252CA38D00B86ACF /* CoreDataManager.swift in Sources */,
				946972AA250008A00081598B /* RecipeController.swift in Sources */,
				9453559E2530536B00B86ACF /* FavoriteRecipesController.swift in Sources */,
				94EDBE7124F6B00D00BB1F64 /* SceneDelegate.swift in Sources */,
				94EDBEA224F9584B00BB1F64 /* RecipeService.swift in Sources */,
				946972AD2504E6BD0081598B /* Alert.swift in Sources */,
				94EDBEA624FD164500BB1F64 /* RecipeTableViewCell.swift in Sources */,
			);
			runOnlyForDeploymentPostprocessing = 0;
		};
		94EDBE8024F6B00E00BB1F64 /* Sources */ = {
			isa = PBXSourcesBuildPhase;
			buildActionMask = 2147483647;
			files = (
				94EDBEA324F9584B00BB1F64 /* RecipeService.swift in Sources */,
				94EDBEA024F9340300BB1F64 /* DataReciplease.swift in Sources */,
				94EDBE8924F6B00E00BB1F64 /* RecipleaseTests.swift in Sources */,
			);
			runOnlyForDeploymentPostprocessing = 0;
		};
/* End PBXSourcesBuildPhase section */

/* Begin PBXTargetDependency section */
		94EDBE8624F6B00E00BB1F64 /* PBXTargetDependency */ = {
			isa = PBXTargetDependency;
			target = 94EDBE6A24F6B00D00BB1F64 /* Reciplease */;
			targetProxy = 94EDBE8524F6B00E00BB1F64 /* PBXContainerItemProxy */;
		};
/* End PBXTargetDependency section */

/* Begin PBXVariantGroup section */
		94EDBE7424F6B00D00BB1F64 /* Main.storyboard */ = {
			isa = PBXVariantGroup;
			children = (
				94EDBE7524F6B00D00BB1F64 /* Base */,
			);
			name = Main.storyboard;
			sourceTree = "<group>";
		};
		94EDBE7C24F6B00E00BB1F64 /* LaunchScreen.storyboard */ = {
			isa = PBXVariantGroup;
			children = (
				94EDBE7D24F6B00E00BB1F64 /* Base */,
			);
			name = LaunchScreen.storyboard;
			sourceTree = "<group>";
		};
/* End PBXVariantGroup section */

/* Begin XCBuildConfiguration section */
		94EDBE8B24F6B00E00BB1F64 /* Debug */ = {
			isa = XCBuildConfiguration;
			buildSettings = {
				ALWAYS_SEARCH_USER_PATHS = NO;
				CLANG_ANALYZER_NONNULL = YES;
				CLANG_ANALYZER_NUMBER_OBJECT_CONVERSION = YES_AGGRESSIVE;
				CLANG_CXX_LANGUAGE_STANDARD = "gnu++14";
				CLANG_CXX_LIBRARY = "libc++";
				CLANG_ENABLE_MODULES = YES;
				CLANG_ENABLE_OBJC_ARC = YES;
				CLANG_ENABLE_OBJC_WEAK = YES;
				CLANG_WARN_BLOCK_CAPTURE_AUTORELEASING = YES;
				CLANG_WARN_BOOL_CONVERSION = YES;
				CLANG_WARN_COMMA = YES;
				CLANG_WARN_CONSTANT_CONVERSION = YES;
				CLANG_WARN_DEPRECATED_OBJC_IMPLEMENTATIONS = YES;
				CLANG_WARN_DIRECT_OBJC_ISA_USAGE = YES_ERROR;
				CLANG_WARN_DOCUMENTATION_COMMENTS = YES;
				CLANG_WARN_EMPTY_BODY = YES;
				CLANG_WARN_ENUM_CONVERSION = YES;
				CLANG_WARN_INFINITE_RECURSION = YES;
				CLANG_WARN_INT_CONVERSION = YES;
				CLANG_WARN_NON_LITERAL_NULL_CONVERSION = YES;
				CLANG_WARN_OBJC_IMPLICIT_RETAIN_SELF = YES;
				CLANG_WARN_OBJC_LITERAL_CONVERSION = YES;
				CLANG_WARN_OBJC_ROOT_CLASS = YES_ERROR;
				CLANG_WARN_QUOTED_INCLUDE_IN_FRAMEWORK_HEADER = YES;
				CLANG_WARN_RANGE_LOOP_ANALYSIS = YES;
				CLANG_WARN_STRICT_PROTOTYPES = YES;
				CLANG_WARN_SUSPICIOUS_MOVE = YES;
				CLANG_WARN_UNGUARDED_AVAILABILITY = YES_AGGRESSIVE;
				CLANG_WARN_UNREACHABLE_CODE = YES;
				CLANG_WARN__DUPLICATE_METHOD_MATCH = YES;
				COPY_PHASE_STRIP = NO;
				DEBUG_INFORMATION_FORMAT = dwarf;
				ENABLE_STRICT_OBJC_MSGSEND = YES;
				ENABLE_TESTABILITY = YES;
				GCC_C_LANGUAGE_STANDARD = gnu11;
				GCC_DYNAMIC_NO_PIC = NO;
				GCC_NO_COMMON_BLOCKS = YES;
				GCC_OPTIMIZATION_LEVEL = 0;
				GCC_PREPROCESSOR_DEFINITIONS = (
					"DEBUG=1",
					"$(inherited)",
				);
				GCC_WARN_64_TO_32_BIT_CONVERSION = YES;
				GCC_WARN_ABOUT_RETURN_TYPE = YES_ERROR;
				GCC_WARN_UNDECLARED_SELECTOR = YES;
				GCC_WARN_UNINITIALIZED_AUTOS = YES_AGGRESSIVE;
				GCC_WARN_UNUSED_FUNCTION = YES;
				GCC_WARN_UNUSED_VARIABLE = YES;
				IPHONEOS_DEPLOYMENT_TARGET = 13.5;
				MTL_ENABLE_DEBUG_INFO = INCLUDE_SOURCE;
				MTL_FAST_MATH = YES;
				ONLY_ACTIVE_ARCH = YES;
				SDKROOT = iphoneos;
				SWIFT_ACTIVE_COMPILATION_CONDITIONS = DEBUG;
				SWIFT_OPTIMIZATION_LEVEL = "-Onone";
			};
			name = Debug;
		};
		94EDBE8C24F6B00E00BB1F64 /* Release */ = {
			isa = XCBuildConfiguration;
			buildSettings = {
				ALWAYS_SEARCH_USER_PATHS = NO;
				CLANG_ANALYZER_NONNULL = YES;
				CLANG_ANALYZER_NUMBER_OBJECT_CONVERSION = YES_AGGRESSIVE;
				CLANG_CXX_LANGUAGE_STANDARD = "gnu++14";
				CLANG_CXX_LIBRARY = "libc++";
				CLANG_ENABLE_MODULES = YES;
				CLANG_ENABLE_OBJC_ARC = YES;
				CLANG_ENABLE_OBJC_WEAK = YES;
				CLANG_WARN_BLOCK_CAPTURE_AUTORELEASING = YES;
				CLANG_WARN_BOOL_CONVERSION = YES;
				CLANG_WARN_COMMA = YES;
				CLANG_WARN_CONSTANT_CONVERSION = YES;
				CLANG_WARN_DEPRECATED_OBJC_IMPLEMENTATIONS = YES;
				CLANG_WARN_DIRECT_OBJC_ISA_USAGE = YES_ERROR;
				CLANG_WARN_DOCUMENTATION_COMMENTS = YES;
				CLANG_WARN_EMPTY_BODY = YES;
				CLANG_WARN_ENUM_CONVERSION = YES;
				CLANG_WARN_INFINITE_RECURSION = YES;
				CLANG_WARN_INT_CONVERSION = YES;
				CLANG_WARN_NON_LITERAL_NULL_CONVERSION = YES;
				CLANG_WARN_OBJC_IMPLICIT_RETAIN_SELF = YES;
				CLANG_WARN_OBJC_LITERAL_CONVERSION = YES;
				CLANG_WARN_OBJC_ROOT_CLASS = YES_ERROR;
				CLANG_WARN_QUOTED_INCLUDE_IN_FRAMEWORK_HEADER = YES;
				CLANG_WARN_RANGE_LOOP_ANALYSIS = YES;
				CLANG_WARN_STRICT_PROTOTYPES = YES;
				CLANG_WARN_SUSPICIOUS_MOVE = YES;
				CLANG_WARN_UNGUARDED_AVAILABILITY = YES_AGGRESSIVE;
				CLANG_WARN_UNREACHABLE_CODE = YES;
				CLANG_WARN__DUPLICATE_METHOD_MATCH = YES;
				COPY_PHASE_STRIP = NO;
				DEBUG_INFORMATION_FORMAT = "dwarf-with-dsym";
				ENABLE_NS_ASSERTIONS = NO;
				ENABLE_STRICT_OBJC_MSGSEND = YES;
				GCC_C_LANGUAGE_STANDARD = gnu11;
				GCC_NO_COMMON_BLOCKS = YES;
				GCC_WARN_64_TO_32_BIT_CONVERSION = YES;
				GCC_WARN_ABOUT_RETURN_TYPE = YES_ERROR;
				GCC_WARN_UNDECLARED_SELECTOR = YES;
				GCC_WARN_UNINITIALIZED_AUTOS = YES_AGGRESSIVE;
				GCC_WARN_UNUSED_FUNCTION = YES;
				GCC_WARN_UNUSED_VARIABLE = YES;
				IPHONEOS_DEPLOYMENT_TARGET = 13.5;
				MTL_ENABLE_DEBUG_INFO = NO;
				MTL_FAST_MATH = YES;
				SDKROOT = iphoneos;
				SWIFT_COMPILATION_MODE = wholemodule;
				SWIFT_OPTIMIZATION_LEVEL = "-O";
				VALIDATE_PRODUCT = YES;
			};
			name = Release;
		};
		94EDBE8E24F6B00E00BB1F64 /* Debug */ = {
			isa = XCBuildConfiguration;
			baseConfigurationReference = 7A02721A94EBA41053EDF58E /* Pods-Reciplease.debug.xcconfig */;
			buildSettings = {
				ASSETCATALOG_COMPILER_APPICON_NAME = AppIcon;
				CODE_SIGN_STYLE = Automatic;
				DEVELOPMENT_TEAM = 2MSLYVU6K6;
				INFOPLIST_FILE = "$(SRCROOT)/Reciplease/Supported Files/Info.plist";
				LD_RUNPATH_SEARCH_PATHS = (
					"$(inherited)",
					"@executable_path/Frameworks",
				);
				PRODUCT_BUNDLE_IDENTIFIER = "com-rodolphe.Reciplease";
				PRODUCT_NAME = "$(TARGET_NAME)";
				SWIFT_VERSION = 5.0;
				TARGETED_DEVICE_FAMILY = 1;
			};
			name = Debug;
		};
		94EDBE8F24F6B00E00BB1F64 /* Release */ = {
			isa = XCBuildConfiguration;
			baseConfigurationReference = 5D182780871E40378E030D09 /* Pods-Reciplease.release.xcconfig */;
			buildSettings = {
				ASSETCATALOG_COMPILER_APPICON_NAME = AppIcon;
				CODE_SIGN_STYLE = Automatic;
				DEVELOPMENT_TEAM = 2MSLYVU6K6;
				INFOPLIST_FILE = "$(SRCROOT)/Reciplease/Supported Files/Info.plist";
				LD_RUNPATH_SEARCH_PATHS = (
					"$(inherited)",
					"@executable_path/Frameworks",
				);
				PRODUCT_BUNDLE_IDENTIFIER = "com-rodolphe.Reciplease";
				PRODUCT_NAME = "$(TARGET_NAME)";
				SWIFT_VERSION = 5.0;
				TARGETED_DEVICE_FAMILY = 1;
			};
			name = Release;
		};
		94EDBE9124F6B00E00BB1F64 /* Debug */ = {
			isa = XCBuildConfiguration;
			baseConfigurationReference = 3C67F5F8259925361EC7258E /* Pods-RecipleaseTests.debug.xcconfig */;
			buildSettings = {
				ALWAYS_EMBED_SWIFT_STANDARD_LIBRARIES = YES;
				BUNDLE_LOADER = "$(TEST_HOST)";
				CODE_SIGN_STYLE = Automatic;
				DEVELOPMENT_TEAM = 2MSLYVU6K6;
				INFOPLIST_FILE = RecipleaseTests/Info.plist;
				IPHONEOS_DEPLOYMENT_TARGET = 13.5;
				LD_RUNPATH_SEARCH_PATHS = (
					"$(inherited)",
					"@executable_path/Frameworks",
					"@loader_path/Frameworks",
				);
				PRODUCT_BUNDLE_IDENTIFIER = "com-rodolphe.RecipleaseTests";
				PRODUCT_NAME = "$(TARGET_NAME)";
				SWIFT_VERSION = 5.0;
				TARGETED_DEVICE_FAMILY = "1,2";
				TEST_HOST = "$(BUILT_PRODUCTS_DIR)/Reciplease.app/Reciplease";
			};
			name = Debug;
		};
		94EDBE9224F6B00E00BB1F64 /* Release */ = {
			isa = XCBuildConfiguration;
			baseConfigurationReference = D656F5B5E1733D911DA0A3B1 /* Pods-RecipleaseTests.release.xcconfig */;
			buildSettings = {
				ALWAYS_EMBED_SWIFT_STANDARD_LIBRARIES = YES;
				BUNDLE_LOADER = "$(TEST_HOST)";
				CODE_SIGN_STYLE = Automatic;
				DEVELOPMENT_TEAM = 2MSLYVU6K6;
				INFOPLIST_FILE = RecipleaseTests/Info.plist;
				IPHONEOS_DEPLOYMENT_TARGET = 13.5;
				LD_RUNPATH_SEARCH_PATHS = (
					"$(inherited)",
					"@executable_path/Frameworks",
					"@loader_path/Frameworks",
				);
				PRODUCT_BUNDLE_IDENTIFIER = "com-rodolphe.RecipleaseTests";
				PRODUCT_NAME = "$(TARGET_NAME)";
				SWIFT_VERSION = 5.0;
				TARGETED_DEVICE_FAMILY = "1,2";
				TEST_HOST = "$(BUILT_PRODUCTS_DIR)/Reciplease.app/Reciplease";
			};
			name = Release;
		};
/* End XCBuildConfiguration section */

/* Begin XCConfigurationList section */
		94EDBE6624F6B00D00BB1F64 /* Build configuration list for PBXProject "Reciplease" */ = {
			isa = XCConfigurationList;
			buildConfigurations = (
				94EDBE8B24F6B00E00BB1F64 /* Debug */,
				94EDBE8C24F6B00E00BB1F64 /* Release */,
			);
			defaultConfigurationIsVisible = 0;
			defaultConfigurationName = Release;
		};
		94EDBE8D24F6B00E00BB1F64 /* Build configuration list for PBXNativeTarget "Reciplease" */ = {
			isa = XCConfigurationList;
			buildConfigurations = (
				94EDBE8E24F6B00E00BB1F64 /* Debug */,
				94EDBE8F24F6B00E00BB1F64 /* Release */,
			);
			defaultConfigurationIsVisible = 0;
			defaultConfigurationName = Release;
		};
		94EDBE9024F6B00E00BB1F64 /* Build configuration list for PBXNativeTarget "RecipleaseTests" */ = {
			isa = XCConfigurationList;
			buildConfigurations = (
				94EDBE9124F6B00E00BB1F64 /* Debug */,
				94EDBE9224F6B00E00BB1F64 /* Release */,
			);
			defaultConfigurationIsVisible = 0;
			defaultConfigurationName = Release;
		};
/* End XCConfigurationList section */

/* Begin XCVersionGroup section */
		94EDBE7724F6B00D00BB1F64 /* Reciplease.xcdatamodeld */ = {
			isa = XCVersionGroup;
			children = (
				94EDBE7824F6B00D00BB1F64 /* Reciplease.xcdatamodel */,
			);
			currentVersion = 94EDBE7824F6B00D00BB1F64 /* Reciplease.xcdatamodel */;
			path = Reciplease.xcdatamodeld;
			sourceTree = "<group>";
			versionGroupType = wrapper.xcdatamodel;
		};
/* End XCVersionGroup section */
	};
	rootObject = 94EDBE6324F6B00D00BB1F64 /* Project object */;
}
